
Microsoft Visual Studio Solution File, Format Version 12.00
# Visual Studio Version 17
VisualStudioVersion = 17.0.31903.59
MinimumVisualStudioVersion = 10.0.40219.1
Project("{FAE04EC0-301F-11D3-BF4B-00C04F79EFBC}") = "Sdk", "Sdk\Sdk.csproj", "{DDEEBB64-6A05-4A5A-97B8-1512AC540C10}"
EndProject
Project("{FAE04EC0-301F-11D3-BF4B-00C04F79EFBC}") = "Tests", "Tests\Tests.csproj", "{FC8C3E05-09EC-475F-B88E-AFF34F33C1E2}"
EndProject
Global
	GlobalSection(SolutionConfigurationPlatforms) = preSolution
		Debug|Any CPU = Debug|Any CPU
		Release|Any CPU = Release|Any CPU
	EndGlobalSection
	GlobalSection(SolutionProperties) = preSolution
		HideSolutionNode = FALSE
	EndGlobalSection
	GlobalSection(ProjectConfigurationPlatforms) = postSolution
		{DDEEBB64-6A05-4A5A-97B8-1512AC540C10}.Debug|Any CPU.ActiveCfg = Debug|Any CPU
		{DDEEBB64-6A05-4A5A-97B8-1512AC540C10}.Debug|Any CPU.Build.0 = Debug|Any CPU
		{DDEEBB64-6A05-4A5A-97B8-1512AC540C10}.Release|Any CPU.ActiveCfg = Release|Any CPU
		{DDEEBB64-6A05-4A5A-97B8-1512AC540C10}.Release|Any CPU.Build.0 = Release|Any CPU
		{FC8C3E05-09EC-475F-B88E-AFF34F33C1E2}.Debug|Any CPU.ActiveCfg = Debug|Any CPU
		{FC8C3E05-09EC-475F-B88E-AFF34F33C1E2}.Debug|Any CPU.Build.0 = Debug|Any CPU
		{FC8C3E05-09EC-475F-B88E-AFF34F33C1E2}.Release|Any CPU.ActiveCfg = Release|Any CPU
		{FC8C3E05-09EC-475F-B88E-AFF34F33C1E2}.Release|Any CPU.Build.0 = Release|Any CPU
	EndGlobalSection
EndGlobal
